// !$*UTF8*$!
{
	archiveVersion = 1;
	classes = {
	};
	objectVersion = 77;
	objects = {

/* Begin PBXBuildFile section */
		3CE3CC292DDE421200C11FA4 /* Cashik_Network in Frameworks */ = {isa = PBXBuildFile; productRef = 3CE3CC282DDE421200C11FA4 /* Cashik_Network */; };
		3CE3CC2C2DDE423700C11FA4 /* Cashik_Storage in Frameworks */ = {isa = PBXBuildFile; productRef = 3CE3CC2B2DDE423700C11FA4 /* Cashik_Storage */; };
		3CE3CC2F2DDE429700C11FA4 /* Cashik_Design in Frameworks */ = {isa = PBXBuildFile; productRef = 3CE3CC2E2DDE429700C11FA4 /* Cashik_Design */; };
		3CE3CC322DDE42AA00C11FA4 /* Cashik_Logger in Frameworks */ = {isa = PBXBuildFile; productRef = 3CE3CC312DDE42AA00C11FA4 /* Cashik_Logger */; };
		3CE3CC352DDE42DC00C11FA4 /* Cashik_Analytics in Frameworks */ = {isa = PBXBuildFile; productRef = 3CE3CC342DDE42DC00C11FA4 /* Cashik_Analytics */; };
/* End PBXBuildFile section */

/* Begin PBXContainerItemProxy section */
		3CE37D662DDE398A00F1435D /* PBXContainerItemProxy */ = {
			isa = PBXContainerItemProxy;
			containerPortal = 3CE37D502DDE398900F1435D /* Project object */;
			proxyType = 1;
			remoteGlobalIDString = 3CE37D572DDE398900F1435D;
			remoteInfo = CashikApp;
		};
		3CE37D702DDE398A00F1435D /* PBXContainerItemProxy */ = {
			isa = PBXContainerItemProxy;
			containerPortal = 3CE37D502DDE398900F1435D /* Project object */;
			proxyType = 1;
			remoteGlobalIDString = 3CE37D572DDE398900F1435D;
			remoteInfo = CashikApp;
		};
/* End PBXContainerItemProxy section */

/* Begin PBXFileReference section */
		3CE37D582DDE398900F1435D /* Cashik.app */ = {isa = PBXFileReference; explicitFileType = wrapper.application; includeInIndex = 0; path = Cashik.app; sourceTree = BUILT_PRODUCTS_DIR; };
		3CE37D652DDE398A00F1435D /* CashikTests.xctest */ = {isa = PBXFileReference; explicitFileType = wrapper.cfbundle; includeInIndex = 0; path = CashikTests.xctest; sourceTree = BUILT_PRODUCTS_DIR; };
		3CE37D6F2DDE398A00F1435D /* CashikUITests.xctest */ = {isa = PBXFileReference; explicitFileType = wrapper.cfbundle; includeInIndex = 0; path = CashikUITests.xctest; sourceTree = BUILT_PRODUCTS_DIR; };
/* End PBXFileReference section */

/* Begin PBXFileSystemSynchronizedRootGroup section */
		3CE37D5A2DDE398900F1435D /* Cashik */ = {
			isa = PBXFileSystemSynchronizedRootGroup;
			path = Cashik;
			sourceTree = "<group>";
		};
		3CE37D682DDE398A00F1435D /* CashikAppTests */ = {
			isa = PBXFileSystemSynchronizedRootGroup;
			path = CashikAppTests;
			sourceTree = "<group>";
		};
		3CE37D722DDE398A00F1435D /* CashikAppUITests */ = {
			isa = PBXFileSystemSynchronizedRootGroup;
			path = CashikAppUITests;
			sourceTree = "<group>";
		};
/* End PBXFileSystemSynchronizedRootGroup section */

/* Begin PBXFrameworksBuildPhase section */
		3CE37D552DDE398900F1435D /* Frameworks */ = {
			isa = PBXFrameworksBuildPhase;
			buildActionMask = 2147483647;
			files = (
				3CE3CC2F2DDE429700C11FA4 /* Cashik_Design in Frameworks */,
				3CE3CC292DDE421200C11FA4 /* Cashik_Network in Frameworks */,
				3CE3CC2C2DDE423700C11FA4 /* Cashik_Storage in Frameworks */,
				3CE3CC322DDE42AA00C11FA4 /* Cashik_Logger in Frameworks */,
				3CE3CC352DDE42DC00C11FA4 /* Cashik_Analytics in Frameworks */,
			);
			runOnlyForDeploymentPostprocessing = 0;
		};
		3CE37D622DDE398A00F1435D /* Frameworks */ = {
			isa = PBXFrameworksBuildPhase;
			buildActionMask = 2147483647;
			files = (
			);
			runOnlyForDeploymentPostprocessing = 0;
		};
		3CE37D6C2DDE398A00F1435D /* Frameworks */ = {
			isa = PBXFrameworksBuildPhase;
			buildActionMask = 2147483647;
			files = (
			);
			runOnlyForDeploymentPostprocessing = 0;
		};
/* End PBXFrameworksBuildPhase section */

/* Begin PBXGroup section */
		3CE37D4F2DDE398900F1435D = {
			isa = PBXGroup;
			children = (
				3CE37D5A2DDE398900F1435D /* Cashik */,
				3CE37D682DDE398A00F1435D /* CashikAppTests */,
				3CE37D722DDE398A00F1435D /* CashikAppUITests */,
				3CE37D592DDE398900F1435D /* Products */,
			);
			sourceTree = "<group>";
		};
		3CE37D592DDE398900F1435D /* Products */ = {
			isa = PBXGroup;
			children = (
				3CE37D582DDE398900F1435D /* Cashik.app */,
				3CE37D652DDE398A00F1435D /* CashikTests.xctest */,
				3CE37D6F2DDE398A00F1435D /* CashikUITests.xctest */,
			);
			name = Products;
			sourceTree = "<group>";
		};
/* End PBXGroup section */

/* Begin PBXNativeTarget section */
		3CE37D572DDE398900F1435D /* Cashik */ = {
			isa = PBXNativeTarget;
			buildConfigurationList = 3CE37D792DDE398A00F1435D /* Build configuration list for PBXNativeTarget "Cashik" */;
			buildPhases = (
				3CE37D542DDE398900F1435D /* Sources */,
				3CE37D552DDE398900F1435D /* Frameworks */,
				3CE37D562DDE398900F1435D /* Resources */,
			);
			buildRules = (
			);
			dependencies = (
			);
			fileSystemSynchronizedGroups = (
				3CE37D5A2DDE398900F1435D /* Cashik */,
			);
			name = Cashik;
			packageProductDependencies = (
				3CE3CC282DDE421200C11FA4 /* Cashik_Network */,
				3CE3CC2B2DDE423700C11FA4 /* Cashik_Storage */,
				3CE3CC2E2DDE429700C11FA4 /* Cashik_Design */,
				3CE3CC312DDE42AA00C11FA4 /* Cashik_Logger */,
				3CE3CC342DDE42DC00C11FA4 /* Cashik_Analytics */,
			);
			productName = CashikApp;
			productReference = 3CE37D582DDE398900F1435D /* Cashik.app */;
			productType = "com.apple.product-type.application";
		};
		3CE37D642DDE398A00F1435D /* CashikTests */ = {
			isa = PBXNativeTarget;
			buildConfigurationList = 3CE37D7C2DDE398A00F1435D /* Build configuration list for PBXNativeTarget "CashikTests" */;
			buildPhases = (
				3CE37D612DDE398A00F1435D /* Sources */,
				3CE37D622DDE398A00F1435D /* Frameworks */,
				3CE37D632DDE398A00F1435D /* Resources */,
			);
			buildRules = (
			);
			dependencies = (
				3CE37D672DDE398A00F1435D /* PBXTargetDependency */,
			);
			fileSystemSynchronizedGroups = (
				3CE37D682DDE398A00F1435D /* CashikAppTests */,
			);
			name = CashikTests;
			packageProductDependencies = (
			);
			productName = CashikAppTests;
			productReference = 3CE37D652DDE398A00F1435D /* CashikTests.xctest */;
			productType = "com.apple.product-type.bundle.unit-test";
		};
		3CE37D6E2DDE398A00F1435D /* CashikUITests */ = {
			isa = PBXNativeTarget;
			buildConfigurationList = 3CE37D7F2DDE398A00F1435D /* Build configuration list for PBXNativeTarget "CashikUITests" */;
			buildPhases = (
				3CE37D6B2DDE398A00F1435D /* Sources */,
				3CE37D6C2DDE398A00F1435D /* Frameworks */,
				3CE37D6D2DDE398A00F1435D /* Resources */,
			);
			buildRules = (
			);
			dependencies = (
				3CE37D712DDE398A00F1435D /* PBXTargetDependency */,
			);
			fileSystemSynchronizedGroups = (
				3CE37D722DDE398A00F1435D /* CashikAppUITests */,
			);
			name = CashikUITests;
			packageProductDependencies = (
			);
			productName = CashikAppUITests;
			productReference = 3CE37D6F2DDE398A00F1435D /* CashikUITests.xctest */;
			productType = "com.apple.product-type.bundle.ui-testing";
		};
/* End PBXNativeTarget section */

/* Begin PBXProject section */
		3CE37D502DDE398900F1435D /* Project object */ = {
			isa = PBXProject;
			attributes = {
				BuildIndependentTargetsInParallel = 1;
				LastSwiftUpdateCheck = 1630;
				LastUpgradeCheck = 1630;
				TargetAttributes = {
					3CE37D572DDE398900F1435D = {
						CreatedOnToolsVersion = 16.3;
					};
					3CE37D642DDE398A00F1435D = {
						CreatedOnToolsVersion = 16.3;
						TestTargetID = 3CE37D572DDE398900F1435D;
					};
					3CE37D6E2DDE398A00F1435D = {
						CreatedOnToolsVersion = 16.3;
						TestTargetID = 3CE37D572DDE398900F1435D;
					};
				};
			};
			buildConfigurationList = 3CE37D532DDE398900F1435D /* Build configuration list for PBXProject "Cashik" */;
			developmentRegion = en;
			hasScannedForEncodings = 0;
			knownRegions = (
				en,
				Base,
			);
			mainGroup = 3CE37D4F2DDE398900F1435D;
			minimizedProjectReferenceProxies = 1;
			packageReferences = (
				3CE3CC272DDE421200C11FA4 /* XCRemoteSwiftPackageReference "Cashik_Network" */,
				3CE3CC2A2DDE423700C11FA4 /* XCRemoteSwiftPackageReference "Cashik_Storage" */,
				3CE3CC2D2DDE429700C11FA4 /* XCRemoteSwiftPackageReference "Cashik_Design" */,
				3CE3CC302DDE42AA00C11FA4 /* XCRemoteSwiftPackageReference "Cashik_Logger" */,
				3CE3CC332DDE42DC00C11FA4 /* XCRemoteSwiftPackageReference "Cashik_Analytics" */,
			);
			preferredProjectObjectVersion = 77;
			productRefGroup = 3CE37D592DDE398900F1435D /* Products */;
			projectDirPath = "";
			projectRoot = "";
			targets = (
				3CE37D572DDE398900F1435D /* Cashik */,
				3CE37D642DDE398A00F1435D /* CashikTests */,
				3CE37D6E2DDE398A00F1435D /* CashikUITests */,
			);
		};
/* End PBXProject section */

/* Begin PBXResourcesBuildPhase section */
		3CE37D562DDE398900F1435D /* Resources */ = {
			isa = PBXResourcesBuildPhase;
			buildActionMask = 2147483647;
			files = (
			);
			runOnlyForDeploymentPostprocessing = 0;
		};
		3CE37D632DDE398A00F1435D /* Resources */ = {
			isa = PBXResourcesBuildPhase;
			buildActionMask = 2147483647;
			files = (
			);
			runOnlyForDeploymentPostprocessing = 0;
		};
		3CE37D6D2DDE398A00F1435D /* Resources */ = {
			isa = PBXResourcesBuildPhase;
			buildActionMask = 2147483647;
			files = (
			);
			runOnlyForDeploymentPostprocessing = 0;
		};
/* End PBXResourcesBuildPhase section */

/* Begin PBXSourcesBuildPhase section */
		3CE37D542DDE398900F1435D /* Sources */ = {
			isa = PBXSourcesBuildPhase;
			buildActionMask = 2147483647;
			files = (
			);
			runOnlyForDeploymentPostprocessing = 0;
		};
		3CE37D612DDE398A00F1435D /* Sources */ = {
			isa = PBXSourcesBuildPhase;
			buildActionMask = 2147483647;
			files = (
			);
			runOnlyForDeploymentPostprocessing = 0;
		};
		3CE37D6B2DDE398A00F1435D /* Sources */ = {
			isa = PBXSourcesBuildPhase;
			buildActionMask = 2147483647;
			files = (
			);
			runOnlyForDeploymentPostprocessing = 0;
		};
/* End PBXSourcesBuildPhase section */

/* Begin PBXTargetDependency section */
		3CE37D672DDE398A00F1435D /* PBXTargetDependency */ = {
			isa = PBXTargetDependency;
			target = 3CE37D572DDE398900F1435D /* Cashik */;
			targetProxy = 3CE37D662DDE398A00F1435D /* PBXContainerItemProxy */;
		};
		3CE37D712DDE398A00F1435D /* PBXTargetDependency */ = {
			isa = PBXTargetDependency;
			target = 3CE37D572DDE398900F1435D /* Cashik */;
			targetProxy = 3CE37D702DDE398A00F1435D /* PBXContainerItemProxy */;
		};
/* End PBXTargetDependency section */

/* Begin XCBuildConfiguration section */
		3CE37D772DDE398A00F1435D /* Debug */ = {
			isa = XCBuildConfiguration;
			buildSettings = {
				ALWAYS_SEARCH_USER_PATHS = NO;
				ASSETCATALOG_COMPILER_GENERATE_SWIFT_ASSET_SYMBOL_EXTENSIONS = YES;
				CLANG_ANALYZER_NONNULL = YES;
				CLANG_ANALYZER_NUMBER_OBJECT_CONVERSION = YES_AGGRESSIVE;
				CLANG_CXX_LANGUAGE_STANDARD = "gnu++20";
				CLANG_ENABLE_MODULES = YES;
				CLANG_ENABLE_OBJC_ARC = YES;
				CLANG_ENABLE_OBJC_WEAK = YES;
				CLANG_WARN_BLOCK_CAPTURE_AUTORELEASING = YES;
				CLANG_WARN_BOOL_CONVERSION = YES;
				CLANG_WARN_COMMA = YES;
				CLANG_WARN_CONSTANT_CONVERSION = YES;
				CLANG_WARN_DEPRECATED_OBJC_IMPLEMENTATIONS = YES;
				CLANG_WARN_DIRECT_OBJC_ISA_USAGE = YES_ERROR;
				CLANG_WARN_DOCUMENTATION_COMMENTS = YES;
				CLANG_WARN_EMPTY_BODY = YES;
				CLANG_WARN_ENUM_CONVERSION = YES;
				CLANG_WARN_INFINITE_RECURSION = YES;
				CLANG_WARN_INT_CONVERSION = YES;
				CLANG_WARN_NON_LITERAL_NULL_CONVERSION = YES;
				CLANG_WARN_OBJC_IMPLICIT_RETAIN_SELF = YES;
				CLANG_WARN_OBJC_LITERAL_CONVERSION = YES;
				CLANG_WARN_OBJC_ROOT_CLASS = YES_ERROR;
				CLANG_WARN_QUOTED_INCLUDE_IN_FRAMEWORK_HEADER = YES;
				CLANG_WARN_RANGE_LOOP_ANALYSIS = YES;
				CLANG_WARN_STRICT_PROTOTYPES = YES;
				CLANG_WARN_SUSPICIOUS_MOVE = YES;
				CLANG_WARN_UNGUARDED_AVAILABILITY = YES_AGGRESSIVE;
				CLANG_WARN_UNREACHABLE_CODE = YES;
				CLANG_WARN__DUPLICATE_METHOD_MATCH = YES;
				COPY_PHASE_STRIP = NO;
				DEBUG_INFORMATION_FORMAT = dwarf;
				DEVELOPMENT_TEAM = 2466T95QV6;
				ENABLE_STRICT_OBJC_MSGSEND = YES;
				ENABLE_TESTABILITY = YES;
				ENABLE_USER_SCRIPT_SANDBOXING = YES;
				GCC_C_LANGUAGE_STANDARD = gnu17;
				GCC_DYNAMIC_NO_PIC = NO;
				GCC_NO_COMMON_BLOCKS = YES;
				GCC_OPTIMIZATION_LEVEL = 0;
				GCC_PREPROCESSOR_DEFINITIONS = (
					"DEBUG=1",
					"$(inherited)",
				);
				GCC_WARN_64_TO_32_BIT_CONVERSION = YES;
				GCC_WARN_ABOUT_RETURN_TYPE = YES_ERROR;
				GCC_WARN_UNDECLARED_SELECTOR = YES;
				GCC_WARN_UNINITIALIZED_AUTOS = YES_AGGRESSIVE;
				GCC_WARN_UNUSED_FUNCTION = YES;
				GCC_WARN_UNUSED_VARIABLE = YES;
				IPHONEOS_DEPLOYMENT_TARGET = 17.6;
				LOCALIZATION_PREFERS_STRING_CATALOGS = YES;
				MTL_ENABLE_DEBUG_INFO = INCLUDE_SOURCE;
				MTL_FAST_MATH = YES;
				ONLY_ACTIVE_ARCH = YES;
				SDKROOT = iphoneos;
				SWIFT_ACTIVE_COMPILATION_CONDITIONS = "DEBUG $(inherited)";
				SWIFT_OPTIMIZATION_LEVEL = "-Onone";
			};
			name = Debug;
		};
		3CE37D782DDE398A00F1435D /* Release */ = {
			isa = XCBuildConfiguration;
			buildSettings = {
				ALWAYS_SEARCH_USER_PATHS = NO;
				ASSETCATALOG_COMPILER_GENERATE_SWIFT_ASSET_SYMBOL_EXTENSIONS = YES;
				CLANG_ANALYZER_NONNULL = YES;
				CLANG_ANALYZER_NUMBER_OBJECT_CONVERSION = YES_AGGRESSIVE;
				CLANG_CXX_LANGUAGE_STANDARD = "gnu++20";
				CLANG_ENABLE_MODULES = YES;
				CLANG_ENABLE_OBJC_ARC = YES;
				CLANG_ENABLE_OBJC_WEAK = YES;
				CLANG_WARN_BLOCK_CAPTURE_AUTORELEASING = YES;
				CLANG_WARN_BOOL_CONVERSION = YES;
				CLANG_WARN_COMMA = YES;
				CLANG_WARN_CONSTANT_CONVERSION = YES;
				CLANG_WARN_DEPRECATED_OBJC_IMPLEMENTATIONS = YES;
				CLANG_WARN_DIRECT_OBJC_ISA_USAGE = YES_ERROR;
				CLANG_WARN_DOCUMENTATION_COMMENTS = YES;
				CLANG_WARN_EMPTY_BODY = YES;
				CLANG_WARN_ENUM_CONVERSION = YES;
				CLANG_WARN_INFINITE_RECURSION = YES;
				CLANG_WARN_INT_CONVERSION = YES;
				CLANG_WARN_NON_LITERAL_NULL_CONVERSION = YES;
				CLANG_WARN_OBJC_IMPLICIT_RETAIN_SELF = YES;
				CLANG_WARN_OBJC_LITERAL_CONVERSION = YES;
				CLANG_WARN_OBJC_ROOT_CLASS = YES_ERROR;
				CLANG_WARN_QUOTED_INCLUDE_IN_FRAMEWORK_HEADER = YES;
				CLANG_WARN_RANGE_LOOP_ANALYSIS = YES;
				CLANG_WARN_STRICT_PROTOTYPES = YES;
				CLANG_WARN_SUSPICIOUS_MOVE = YES;
				CLANG_WARN_UNGUARDED_AVAILABILITY = YES_AGGRESSIVE;
				CLANG_WARN_UNREACHABLE_CODE = YES;
				CLANG_WARN__DUPLICATE_METHOD_MATCH = YES;
				COPY_PHASE_STRIP = NO;
				DEBUG_INFORMATION_FORMAT = "dwarf-with-dsym";
				DEVELOPMENT_TEAM = 2466T95QV6;
				ENABLE_NS_ASSERTIONS = NO;
				ENABLE_STRICT_OBJC_MSGSEND = YES;
				ENABLE_USER_SCRIPT_SANDBOXING = YES;
				GCC_C_LANGUAGE_STANDARD = gnu17;
				GCC_NO_COMMON_BLOCKS = YES;
				GCC_WARN_64_TO_32_BIT_CONVERSION = YES;
				GCC_WARN_ABOUT_RETURN_TYPE = YES_ERROR;
				GCC_WARN_UNDECLARED_SELECTOR = YES;
				GCC_WARN_UNINITIALIZED_AUTOS = YES_AGGRESSIVE;
				GCC_WARN_UNUSED_FUNCTION = YES;
				GCC_WARN_UNUSED_VARIABLE = YES;
				IPHONEOS_DEPLOYMENT_TARGET = 17.6;
				LOCALIZATION_PREFERS_STRING_CATALOGS = YES;
				MTL_ENABLE_DEBUG_INFO = NO;
				MTL_FAST_MATH = YES;
				SDKROOT = iphoneos;
				SWIFT_COMPILATION_MODE = wholemodule;
				VALIDATE_PRODUCT = YES;
			};
			name = Release;
		};
		3CE37D7A2DDE398A00F1435D /* Debug */ = {
			isa = XCBuildConfiguration;
			buildSettings = {
				ASSETCATALOG_COMPILER_APPICON_NAME = AppIcon;
				ASSETCATALOG_COMPILER_GLOBAL_ACCENT_COLOR_NAME = AccentColor;
				ASSETCATALOG_COMPILER_INCLUDE_ALL_APPICON_ASSETS = NO;
				CODE_SIGN_STYLE = Automatic;
				CURRENT_PROJECT_VERSION = 1;
				DEVELOPMENT_TEAM = 2466T95QV6;
				ENABLE_PREVIEWS = YES;
				GENERATE_INFOPLIST_FILE = YES;
				INFOPLIST_KEY_CFBundleDisplayName = Cashik;
				INFOPLIST_KEY_LSApplicationCategoryType = "public.app-category.finance";
				INFOPLIST_KEY_UIApplicationSceneManifest_Generation = YES;
				INFOPLIST_KEY_UIApplicationSupportsIndirectInputEvents = YES;
				INFOPLIST_KEY_UILaunchScreen_Generation = YES;
				INFOPLIST_KEY_UILaunchStoryboardName = SplashScreen;
				INFOPLIST_KEY_UISupportedInterfaceOrientations = UIInterfaceOrientationPortrait;
				IPHONEOS_DEPLOYMENT_TARGET = 17.0;
				LD_RUNPATH_SEARCH_PATHS = (
					"$(inherited)",
					"@executable_path/Frameworks",
				);
				MARKETING_VERSION = 1.0;
				PRODUCT_BUNDLE_IDENTIFIER = com.wachrusz.CashikApp;
				PRODUCT_NAME = "$(TARGET_NAME)";
				SUPPORTED_PLATFORMS = "iphoneos iphonesimulator";
				SUPPORTS_MACCATALYST = NO;
				SUPPORTS_MAC_DESIGNED_FOR_IPHONE_IPAD = NO;
				SUPPORTS_XR_DESIGNED_FOR_IPHONE_IPAD = NO;
				SWIFT_EMIT_LOC_STRINGS = YES;
				SWIFT_VERSION = 5.0;
				TARGETED_DEVICE_FAMILY = 1;
			};
			name = Debug;
		};
		3CE37D7B2DDE398A00F1435D /* Release */ = {
			isa = XCBuildConfiguration;
			buildSettings = {
				ASSETCATALOG_COMPILER_APPICON_NAME = AppIcon;
				ASSETCATALOG_COMPILER_GLOBAL_ACCENT_COLOR_NAME = AccentColor;
				ASSETCATALOG_COMPILER_INCLUDE_ALL_APPICON_ASSETS = NO;
				CODE_SIGN_STYLE = Automatic;
				CURRENT_PROJECT_VERSION = 1;
				DEVELOPMENT_TEAM = 2466T95QV6;
				ENABLE_PREVIEWS = YES;
				GENERATE_INFOPLIST_FILE = YES;
				INFOPLIST_KEY_CFBundleDisplayName = Cashik;
				INFOPLIST_KEY_LSApplicationCategoryType = "public.app-category.finance";
				INFOPLIST_KEY_UIApplicationSceneManifest_Generation = YES;
				INFOPLIST_KEY_UIApplicationSupportsIndirectInputEvents = YES;
				INFOPLIST_KEY_UILaunchScreen_Generation = YES;
				INFOPLIST_KEY_UILaunchStoryboardName = SplashScreen;
				INFOPLIST_KEY_UISupportedInterfaceOrientations = UIInterfaceOrientationPortrait;
				IPHONEOS_DEPLOYMENT_TARGET = 17.0;
				LD_RUNPATH_SEARCH_PATHS = (
					"$(inherited)",
					"@executable_path/Frameworks",
				);
				MARKETING_VERSION = 1.0;
				PRODUCT_BUNDLE_IDENTIFIER = com.wachrusz.CashikApp;
				PRODUCT_NAME = "$(TARGET_NAME)";
				SUPPORTED_PLATFORMS = "iphoneos iphonesimulator";
				SUPPORTS_MACCATALYST = NO;
				SUPPORTS_MAC_DESIGNED_FOR_IPHONE_IPAD = NO;
				SUPPORTS_XR_DESIGNED_FOR_IPHONE_IPAD = NO;
				SWIFT_EMIT_LOC_STRINGS = YES;
				SWIFT_VERSION = 5.0;
				TARGETED_DEVICE_FAMILY = 1;
			};
			name = Release;
		};
		3CE37D7D2DDE398A00F1435D /* Debug */ = {
			isa = XCBuildConfiguration;
			buildSettings = {
				BUNDLE_LOADER = "$(TEST_HOST)";
				CODE_SIGN_STYLE = Automatic;
				CURRENT_PROJECT_VERSION = 1;
				DEVELOPMENT_TEAM = 2466T95QV6;
				GENERATE_INFOPLIST_FILE = YES;
				IPHONEOS_DEPLOYMENT_TARGET = 17.6;
				MARKETING_VERSION = 1.0;
				PRODUCT_BUNDLE_IDENTIFIER = com.wachrusz.CashikAppTests;
				PRODUCT_NAME = "$(TARGET_NAME)";
				SWIFT_EMIT_LOC_STRINGS = NO;
				SWIFT_VERSION = 5.0;
				TARGETED_DEVICE_FAMILY = 1;
				TEST_HOST = "$(BUILT_PRODUCTS_DIR)/Cashik.app/$(BUNDLE_EXECUTABLE_FOLDER_PATH)/Cashik";
			};
			name = Debug;
		};
		3CE37D7E2DDE398A00F1435D /* Release */ = {
			isa = XCBuildConfiguration;
			buildSettings = {
				BUNDLE_LOADER = "$(TEST_HOST)";
				CODE_SIGN_STYLE = Automatic;
				CURRENT_PROJECT_VERSION = 1;
				DEVELOPMENT_TEAM = 2466T95QV6;
				GENERATE_INFOPLIST_FILE = YES;
				IPHONEOS_DEPLOYMENT_TARGET = 17.6;
				MARKETING_VERSION = 1.0;
				PRODUCT_BUNDLE_IDENTIFIER = com.wachrusz.CashikAppTests;
				PRODUCT_NAME = "$(TARGET_NAME)";
				SWIFT_EMIT_LOC_STRINGS = NO;
				SWIFT_VERSION = 5.0;
				TARGETED_DEVICE_FAMILY = 1;
				TEST_HOST = "$(BUILT_PRODUCTS_DIR)/Cashik.app/$(BUNDLE_EXECUTABLE_FOLDER_PATH)/Cashik";
			};
			name = Release;
		};
		3CE37D802DDE398A00F1435D /* Debug */ = {
			isa = XCBuildConfiguration;
			buildSettings = {
				CODE_SIGN_STYLE = Automatic;
				CURRENT_PROJECT_VERSION = 1;
				DEVELOPMENT_TEAM = 2466T95QV6;
				GENERATE_INFOPLIST_FILE = YES;
				MARKETING_VERSION = 1.0;
				PRODUCT_BUNDLE_IDENTIFIER = com.wachrusz.CashikAppUITests;
				PRODUCT_NAME = "$(TARGET_NAME)";
				SWIFT_EMIT_LOC_STRINGS = NO;
				SWIFT_VERSION = 5.0;
				TARGETED_DEVICE_FAMILY = "1,2";
				TEST_TARGET_NAME = CashikApp;
			};
			name = Debug;
		};
		3CE37D812DDE398A00F1435D /* Release */ = {
			isa = XCBuildConfiguration;
			buildSettings = {
				CODE_SIGN_STYLE = Automatic;
				CURRENT_PROJECT_VERSION = 1;
				DEVELOPMENT_TEAM = 2466T95QV6;
				GENERATE_INFOPLIST_FILE = YES;
				MARKETING_VERSION = 1.0;
				PRODUCT_BUNDLE_IDENTIFIER = com.wachrusz.CashikAppUITests;
				PRODUCT_NAME = "$(TARGET_NAME)";
				SWIFT_EMIT_LOC_STRINGS = NO;
				SWIFT_VERSION = 5.0;
				TARGETED_DEVICE_FAMILY = "1,2";
				TEST_TARGET_NAME = CashikApp;
			};
			name = Release;
		};
/* End XCBuildConfiguration section */

/* Begin XCConfigurationList section */
		3CE37D532DDE398900F1435D /* Build configuration list for PBXProject "Cashik" */ = {
			isa = XCConfigurationList;
			buildConfigurations = (
				3CE37D772DDE398A00F1435D /* Debug */,
				3CE37D782DDE398A00F1435D /* Release */,
			);
			defaultConfigurationIsVisible = 0;
			defaultConfigurationName = Release;
		};
		3CE37D792DDE398A00F1435D /* Build configuration list for PBXNativeTarget "Cashik" */ = {
			isa = XCConfigurationList;
			buildConfigurations = (
				3CE37D7A2DDE398A00F1435D /* Debug */,
				3CE37D7B2DDE398A00F1435D /* Release */,
			);
			defaultConfigurationIsVisible = 0;
			defaultConfigurationName = Release;
		};
		3CE37D7C2DDE398A00F1435D /* Build configuration list for PBXNativeTarget "CashikTests" */ = {
			isa = XCConfigurationList;
			buildConfigurations = (
				3CE37D7D2DDE398A00F1435D /* Debug */,
				3CE37D7E2DDE398A00F1435D /* Release */,
			);
			defaultConfigurationIsVisible = 0;
			defaultConfigurationName = Release;
		};
		3CE37D7F2DDE398A00F1435D /* Build configuration list for PBXNativeTarget "CashikUITests" */ = {
			isa = XCConfigurationList;
			buildConfigurations = (
				3CE37D802DDE398A00F1435D /* Debug */,
				3CE37D812DDE398A00F1435D /* Release */,
			);
			defaultConfigurationIsVisible = 0;
			defaultConfigurationName = Release;
		};
/* End XCConfigurationList section */

/* Begin XCRemoteSwiftPackageReference section */
		3CE3CC272DDE421200C11FA4 /* XCRemoteSwiftPackageReference "Cashik_Network" */ = {
			isa = XCRemoteSwiftPackageReference;
			repositoryURL = "https://github.com/wachrusz/Cashik_Network.git";
			requirement = {
				kind = versionRange;
				maximumVersion = 10.0.0;
				minimumVersion = 1.0.2;
			};
		};
		3CE3CC2A2DDE423700C11FA4 /* XCRemoteSwiftPackageReference "Cashik_Storage" */ = {
			isa = XCRemoteSwiftPackageReference;
			repositoryURL = "https://github.com/wachrusz/Cashik_Storage.git";
			requirement = {
				kind = versionRange;
				maximumVersion = 10.0.0;
				minimumVersion = 1.0.3;
			};
		};
		3CE3CC2D2DDE429700C11FA4 /* XCRemoteSwiftPackageReference "Cashik_Design" */ = {
			isa = XCRemoteSwiftPackageReference;
			repositoryURL = "https://github.com/wachrusz/Cashik_Design.git";
			requirement = {
				kind = versionRange;
				maximumVersion = 10.0.0;
				minimumVersion = 1.0.1;
			};
		};
		3CE3CC302DDE42AA00C11FA4 /* XCRemoteSwiftPackageReference "Cashik_Logger" */ = {
			isa = XCRemoteSwiftPackageReference;
			repositoryURL = "https://github.com/wachrusz/Cashik_Logger.git";
			requirement = {
				kind = versionRange;
				maximumVersion = 10.0.0;
				minimumVersion = 1.0.4;
			};
		};
		3CE3CC332DDE42DC00C11FA4 /* XCRemoteSwiftPackageReference "Cashik_Analytics" */ = {
			isa = XCRemoteSwiftPackageReference;
			repositoryURL = "https://github.com/wachrusz/Cashik_Analytics.git";
			requirement = {
				kind = versionRange;
				maximumVersion = 10.0.0;
				minimumVersion = 1.0.1;
			};
		};
/* End XCRemoteSwiftPackageReference section */

/* Begin XCSwiftPackageProductDependency section */
		3CE3CC282DDE421200C11FA4 /* Cashik_Network */ = {
			isa = XCSwiftPackageProductDependency;
			package = 3CE3CC272DDE421200C11FA4 /* XCRemoteSwiftPackageReference "Cashik_Network" */;
			productName = Cashik_Network;
		};
		3CE3CC2B2DDE423700C11FA4 /* Cashik_Storage */ = {
			isa = XCSwiftPackageProductDependency;
			package = 3CE3CC2A2DDE423700C11FA4 /* XCRemoteSwiftPackageReference "Cashik_Storage" */;
			productName = Cashik_Storage;
		};
		3CE3CC2E2DDE429700C11FA4 /* Cashik_Design */ = {
			isa = XCSwiftPackageProductDependency;
			package = 3CE3CC2D2DDE429700C11FA4 /* XCRemoteSwiftPackageReference "Cashik_Design" */;
			productName = Cashik_Design;
		};
		3CE3CC312DDE42AA00C11FA4 /* Cashik_Logger */ = {
			isa = XCSwiftPackageProductDependency;
			package = 3CE3CC302DDE42AA00C11FA4 /* XCRemoteSwiftPackageReference "Cashik_Logger" */;
			productName = Cashik_Logger;
		};
		3CE3CC342DDE42DC00C11FA4 /* Cashik_Analytics */ = {
			isa = XCSwiftPackageProductDependency;
			package = 3CE3CC332DDE42DC00C11FA4 /* XCRemoteSwiftPackageReference "Cashik_Analytics" */;
			productName = Cashik_Analytics;
		};
/* End XCSwiftPackageProductDependency section */
	};
	rootObject = 3CE37D502DDE398900F1435D /* Project object */;
}
